{
  "name": "mod2",
  "version": "1.0.0",
  "lockfileVersion": 1,
  "requires": true,
  "dependencies": {
    "date-fn": {
      "version": "0.0.2",
      "resolved": "https://registry.npmjs.org/date-fn/-/date-fn-0.0.2.tgz",
      "integrity": "sha512-DBIKrlB2w9d6UPZwYn6qqSeKLwHt5uRf9Mj/PiGWHGQ5CxnvMCx2KteO5owfiknkYzMngrDwz5nX4CGxYlr0uA=="
    },
    "date-fns": {
      "version": "2.16.1",
      "resolved": "https://registry.npmjs.org/date-fns/-/date-fns-2.16.1.tgz",
      "integrity": "sha512-sAJVKx/FqrLYHAQeN7VpJrPhagZc9R4ImZIWYRFZaaohR3KzmuK88touwsSwSVT8Qcbd4zoDsnGfX4GFB4imyQ=="
    }
  }
}
